%{
  "cowboy": {:hex, :cowboy, "2.6.1", "f2e06f757c337b3b311f9437e6e072b678fcd71545a7b2865bdaa154d078593f", [:rebar3], [{:cowlib, "~> 2.7.0", [hex: :cowlib, repo: "hexpm", optional: false]}, {:ranch, "~> 1.7.1", [hex: :ranch, repo: "hexpm", optional: false]}], "hexpm"},
  "cowlib": {:hex, :cowlib, "2.7.3", "a7ffcd0917e6d50b4d5fb28e9e2085a0ceb3c97dea310505f7460ff5ed764ce9", [:rebar3], [], "hexpm"},
  "cuttlefish": {:git, "https://github.com/emqx/cuttlefish.git", "ef53de902eac5f2579eb40441416cf057ef942fb", [tag: "exs-3.0.0"]},
  "ekka": {:git, "https://github.com/emqx/ekka", "8b1bfdc8a3e54c654667548f1db2d182d0f10f4d", [tag: "v0.5.4"]},
  "emqx": {:git, "https://github.com/emqx/emqx.git", "0857b976ed5fe4644f0443758d3be394c2e3788d", [branch: "develop"]},
  "esockd": {:git, "https://github.com/emqx/esockd", "dc0d7513cb97538c8db830d14d9802d0961a08f5", [tag: "v5.4.4"]},
  "gen_rpc": {:git, "https://github.com/emqx/gen_rpc", "8858fc3755dafe7380a21c0579da5bfa4d33c8e7", [tag: "2.3.1"]},
  "getopt": {:git, "https://github.com/emqx/getopt.git", "215f2083408e1fe562d441aea6062bf5d9e1fb67", [tag: "v1.0.2"]},
  "gproc": {:hex, :gproc, "0.8.0", "cea02c578589c61e5341fce149ea36ccef236cc2ecac8691fba408e7ea77ec2f", [:rebar3], [], "hexpm"},
  "jsx": {:hex, :jsx, "2.9.0", "d2f6e5f069c00266cad52fb15d87c428579ea4d7d73a33669e12679e203329dd", [:mix, :rebar3], [], "hexpm"},
  "ranch": {:hex, :ranch, "1.7.1", "6b1fab51b49196860b733a49c07604465a47bdb78aa10c1c16a3d199f7f8c881", [:rebar3], [], "hexpm"},
  "replayq": {:git, "https://github.com/emqx/replayq", "98f156fff483cb7618271d73a681c3ec782d847a", [tag: "v0.1.1"]},
  "ssl_verify_fun": {:git, "https://github.com/deadtrickster/ssl_verify_fun.erl.git", "c5718226b0b9f3d1a38ef6ca3c3b4c75f53dda92", [tag: "1.1.4"]},
}
